
Microsoft Visual Studio Solution File, Format Version 11.00
# Visual Studio 2010
Project("{FAE04EC0-301F-11D3-BF4B-00C04F79EFBC}") = "ProjectExplorer2D", "Assembly-CSharp.csproj", "{95CC0D7F-6131-063E-BEB5-A5AF0C121F42}"
EndProject
Project("{FAE04EC0-301F-11D3-BF4B-00C04F79EFBC}") = "ProjectExplorer2D", "Assembly-CSharp-Editor.csproj", "{7AC1DA7E-BFC2-F9A4-0CDC-153BB0C701CD}"
EndProject
Global
	GlobalSection(SolutionConfigurationPlatforms) = preSolution
		Debug|Any CPU = Debug|Any CPU
		Release|Any CPU = Release|Any CPU
	EndGlobalSection
	GlobalSection(ProjectConfigurationPlatforms) = postSolution
		{95CC0D7F-6131-063E-BEB5-A5AF0C121F42}.Debug|Any CPU.ActiveCfg = Debug|Any CPU
		{95CC0D7F-6131-063E-BEB5-A5AF0C121F42}.Debug|Any CPU.Build.0 = Debug|Any CPU
		{95CC0D7F-6131-063E-BEB5-A5AF0C121F42}.Release|Any CPU.ActiveCfg = Release|Any CPU
		{95CC0D7F-6131-063E-BEB5-A5AF0C121F42}.Release|Any CPU.Build.0 = Release|Any CPU
		{7AC1DA7E-BFC2-F9A4-0CDC-153BB0C701CD}.Debug|Any CPU.ActiveCfg = Debug|Any CPU
		{7AC1DA7E-BFC2-F9A4-0CDC-153BB0C701CD}.Debug|Any CPU.Build.0 = Debug|Any CPU
		{7AC1DA7E-BFC2-F9A4-0CDC-153BB0C701CD}.Release|Any CPU.ActiveCfg = Release|Any CPU
		{7AC1DA7E-BFC2-F9A4-0CDC-153BB0C701CD}.Release|Any CPU.Build.0 = Release|Any CPU
	EndGlobalSection
	GlobalSection(SolutionProperties) = preSolution
		HideSolutionNode = FALSE
	EndGlobalSection
	GlobalSection(MonoDevelopProperties) = preSolution
		StartupItem = Assembly-CSharp.csproj
	EndGlobalSection
EndGlobal
