
Microsoft Visual Studio Solution File, Format Version 12.00
# Visual Studio 2015
Project("{FAE04EC0-301F-11D3-BF4B-00C04F79EFBC}") = "ProjectExplorer2D", "ProjectExplorer2D.csproj", "{D1187999-1D61-59A1-3756-AD22D4FC5D36}"
EndProject
Project("{FAE04EC0-301F-11D3-BF4B-00C04F79EFBC}") = "ProjectExplorer2D.Editor", "ProjectExplorer2D.Editor.csproj", "{3C981748-7B29-681A-1C6C-8A3B602988C6}"
EndProject
Global
	GlobalSection(SolutionConfigurationPlatforms) = preSolution
		Debug|Any CPU = Debug|Any CPU
		Release|Any CPU = Release|Any CPU
	EndGlobalSection
	GlobalSection(ProjectConfigurationPlatforms) = postSolution
		{D1187999-1D61-59A1-3756-AD22D4FC5D36}.Debug|Any CPU.ActiveCfg = Debug|Any CPU
		{D1187999-1D61-59A1-3756-AD22D4FC5D36}.Debug|Any CPU.Build.0 = Debug|Any CPU
		{D1187999-1D61-59A1-3756-AD22D4FC5D36}.Release|Any CPU.ActiveCfg = Release|Any CPU
		{D1187999-1D61-59A1-3756-AD22D4FC5D36}.Release|Any CPU.Build.0 = Release|Any CPU
		{3C981748-7B29-681A-1C6C-8A3B602988C6}.Debug|Any CPU.ActiveCfg = Debug|Any CPU
		{3C981748-7B29-681A-1C6C-8A3B602988C6}.Debug|Any CPU.Build.0 = Debug|Any CPU
		{3C981748-7B29-681A-1C6C-8A3B602988C6}.Release|Any CPU.ActiveCfg = Release|Any CPU
		{3C981748-7B29-681A-1C6C-8A3B602988C6}.Release|Any CPU.Build.0 = Release|Any CPU
	EndGlobalSection
	GlobalSection(SolutionProperties) = preSolution
		HideSolutionNode = FALSE
	EndGlobalSection
EndGlobal
